
Microsoft Visual Studio Solution File, Format Version 12.00
# Visual Studio Version 17
VisualStudioVersion = 17.4.33205.214
MinimumVisualStudioVersion = 10.0.40219.1
Project("{8BC9CEB8-8B4A-11D0-8D11-00A0C91BC942}") = "模板", "模板.vcxproj", "{A43BCDD8-0863-4596-87A3-D7018574244C}"
EndProject
Global
	GlobalSection(SolutionConfigurationPlatforms) = preSolution
		Debug|x64 = Debug|x64
		Debug|x86 = Debug|x86
		Release|x64 = Release|x64
		Release|x86 = Release|x86
	EndGlobalSection
	GlobalSection(ProjectConfigurationPlatforms) = postSolution
		{A43BCDD8-0863-4596-87A3-D7018574244C}.Debug|x64.ActiveCfg = Debug|x64
		{A43BCDD8-0863-4596-87A3-D7018574244C}.Debug|x64.Build.0 = Debug|x64
		{A43BCDD8-0863-4596-87A3-D7018574244C}.Debug|x86.ActiveCfg = Debug|Win32
		{A43BCDD8-0863-4596-87A3-D7018574244C}.Debug|x86.Build.0 = Debug|Win32
		{A43BCDD8-0863-4596-87A3-D7018574244C}.Release|x64.ActiveCfg = Release|x64
		{A43BCDD8-0863-4596-87A3-D7018574244C}.Release|x64.Build.0 = Release|x64
		{A43BCDD8-0863-4596-87A3-D7018574244C}.Release|x86.ActiveCfg = Release|Win32
		{A43BCDD8-0863-4596-87A3-D7018574244C}.Release|x86.Build.0 = Release|Win32
	EndGlobalSection
	GlobalSection(SolutionProperties) = preSolution
		HideSolutionNode = FALSE
	EndGlobalSection
	GlobalSection(ExtensibilityGlobals) = postSolution
		SolutionGuid = {437BC9A0-8501-4A06-A701-D640B47324F2}
	EndGlobalSection
EndGlobal
